
Microsoft Visual Studio Solution File, Format Version 12.00
# Visual Studio 15
VisualStudioVersion = 15.0.28010.2036
MinimumVisualStudioVersion = 10.0.40219.1
Project("{FAE04EC0-301F-11D3-BF4B-00C04F79EFBC}") = "ClassHierarchyAndCollections", "ClassHierarchyAndCollections\ClassHierarchyAndCollections.csproj", "{8A9290B8-0F04-4450-A0B4-75FA346893AE}"
EndProject
Project("{FAE04EC0-301F-11D3-BF4B-00C04F79EFBC}") = "ClassHeirarchyTest", "..\..\..\..\OneDrive\School\Fall 2018\Programming Foundations II\Week 4 Stuff\ClassHeirarchy -- Bolkema, Jon\ClassHeirarchyTest\ClassHeirarchyTest.csproj", "{E24A10AE-A885-49F9-921F-6E3B6309EC51}"
EndProject
Global
	GlobalSection(SolutionConfigurationPlatforms) = preSolution
		Debug|Any CPU = Debug|Any CPU
		Release|Any CPU = Release|Any CPU
	EndGlobalSection
	GlobalSection(ProjectConfigurationPlatforms) = postSolution
		{8A9290B8-0F04-4450-A0B4-75FA346893AE}.Debug|Any CPU.ActiveCfg = Debug|Any CPU
		{8A9290B8-0F04-4450-A0B4-75FA346893AE}.Debug|Any CPU.Build.0 = Debug|Any CPU
		{8A9290B8-0F04-4450-A0B4-75FA346893AE}.Release|Any CPU.ActiveCfg = Release|Any CPU
		{8A9290B8-0F04-4450-A0B4-75FA346893AE}.Release|Any CPU.Build.0 = Release|Any CPU
		{E24A10AE-A885-49F9-921F-6E3B6309EC51}.Debug|Any CPU.ActiveCfg = Debug|Any CPU
		{E24A10AE-A885-49F9-921F-6E3B6309EC51}.Debug|Any CPU.Build.0 = Debug|Any CPU
		{E24A10AE-A885-49F9-921F-6E3B6309EC51}.Release|Any CPU.ActiveCfg = Release|Any CPU
		{E24A10AE-A885-49F9-921F-6E3B6309EC51}.Release|Any CPU.Build.0 = Release|Any CPU
	EndGlobalSection
	GlobalSection(SolutionProperties) = preSolution
		HideSolutionNode = FALSE
	EndGlobalSection
	GlobalSection(ExtensibilityGlobals) = postSolution
		SolutionGuid = {83A00B61-0FE0-4B8E-A542-F2C9325D36CE}
	EndGlobalSection
EndGlobal
